# This file is autogenerated, do not edit; changes may be undone by the next 'dep ensure'.


[[projects]]
  name = "github.com/oklog/run"
  packages = ["."]
  revision = "4dadeb3030eda0273a12382bb2348ffc7c9d1a39"
  version = "v1.0.0"

[solve-meta]
  analyzer-name = "dep"
  analyzer-version = 1
  inputs-digest = "9b75c244f545926b08fb1c6f1a99412a1e629ac23b6e8d78735c9f0f96ea384a"
  solver-name = "gps-cdcl"
  solver-version = 1
